
Microsoft Visual Studio Solution File, Format Version 12.00
# Visual Studio Version 17
VisualStudioVersion = 17.4.33205.214
MinimumVisualStudioVersion = 10.0.40219.1
Project("{FAE04EC0-301F-11D3-BF4B-00C04F79EFBC}") = "ComApp", "ComApp\ComApp.csproj", "{73F89063-F0FF-465B-A0AA-B1DFE42B7B3A}"
EndProject
Global
	GlobalSection(SolutionConfigurationPlatforms) = preSolution
		Debug|Any CPU = Debug|Any CPU
		Release|Any CPU = Release|Any CPU
	EndGlobalSection
	GlobalSection(ProjectConfigurationPlatforms) = postSolution
		{73F89063-F0FF-465B-A0AA-B1DFE42B7B3A}.Debug|Any CPU.ActiveCfg = Debug|Any CPU
		{73F89063-F0FF-465B-A0AA-B1DFE42B7B3A}.Debug|Any CPU.Build.0 = Debug|Any CPU
		{73F89063-F0FF-465B-A0AA-B1DFE42B7B3A}.Release|Any CPU.ActiveCfg = Release|Any CPU
		{73F89063-F0FF-465B-A0AA-B1DFE42B7B3A}.Release|Any CPU.Build.0 = Release|Any CPU
	EndGlobalSection
	GlobalSection(SolutionProperties) = preSolution
		HideSolutionNode = FALSE
	EndGlobalSection
	GlobalSection(ExtensibilityGlobals) = postSolution
		SolutionGuid = {D7167EA9-A6C6-401F-AE2A-311F08B97FC3}
	EndGlobalSection
EndGlobal
